
Microsoft Visual Studio Solution File, Format Version 12.00
# Visual Studio Version 17
VisualStudioVersion = 17.3.32811.315
MinimumVisualStudioVersion = 10.0.40219.1
Project("{FAE04EC0-301F-11D3-BF4B-00C04F79EFBC}") = "RandomRandoAddons", "RandomRandoAddons\RandomRandoAddons.csproj", "{5C4A1FC7-681A-422D-953E-21DBFD564CEA}"
EndProject
Global
	GlobalSection(SolutionConfigurationPlatforms) = preSolution
		Debug|Any CPU = Debug|Any CPU
		Release|Any CPU = Release|Any CPU
	EndGlobalSection
	GlobalSection(ProjectConfigurationPlatforms) = postSolution
		{5C4A1FC7-681A-422D-953E-21DBFD564CEA}.Debug|Any CPU.ActiveCfg = Debug|Any CPU
		{5C4A1FC7-681A-422D-953E-21DBFD564CEA}.Debug|Any CPU.Build.0 = Debug|Any CPU
		{5C4A1FC7-681A-422D-953E-21DBFD564CEA}.Release|Any CPU.ActiveCfg = Release|Any CPU
		{5C4A1FC7-681A-422D-953E-21DBFD564CEA}.Release|Any CPU.Build.0 = Release|Any CPU
	EndGlobalSection
	GlobalSection(SolutionProperties) = preSolution
		HideSolutionNode = FALSE
	EndGlobalSection
	GlobalSection(ExtensibilityGlobals) = postSolution
		SolutionGuid = {5B901B2E-50CA-47DA-B90A-1F5135E5C293}
	EndGlobalSection
EndGlobal
